
Microsoft Visual Studio Solution File, Format Version 12.00
# Visual Studio Version 16
VisualStudioVersion = 16.0.29613.14
MinimumVisualStudioVersion = 10.0.40219.1
Project("{FAE04EC0-301F-11D3-BF4B-00C04F79EFBC}") = "DataEntry Tracker", "DataEntry Tracker.csproj", "{5871A992-EBC7-4D0F-8101-F7F051F025C2}"
EndProject
Global
	GlobalSection(SolutionConfigurationPlatforms) = preSolution
		Debug|Any CPU = Debug|Any CPU
		Release|Any CPU = Release|Any CPU
	EndGlobalSection
	GlobalSection(ProjectConfigurationPlatforms) = postSolution
		{5871A992-EBC7-4D0F-8101-F7F051F025C2}.Debug|Any CPU.ActiveCfg = Debug|Any CPU
		{5871A992-EBC7-4D0F-8101-F7F051F025C2}.Debug|Any CPU.Build.0 = Debug|Any CPU
		{5871A992-EBC7-4D0F-8101-F7F051F025C2}.Release|Any CPU.ActiveCfg = Release|Any CPU
		{5871A992-EBC7-4D0F-8101-F7F051F025C2}.Release|Any CPU.Build.0 = Release|Any CPU
	EndGlobalSection
	GlobalSection(SolutionProperties) = preSolution
		HideSolutionNode = FALSE
	EndGlobalSection
	GlobalSection(ExtensibilityGlobals) = postSolution
		SolutionGuid = {C63450E7-44F2-41F1-9D07-4B5BF64A0833}
	EndGlobalSection
EndGlobal
